# This file is automatically @generated by Poetry 2.1.2 and should not be changed by hand.

[[package]]
name = "tree-sitter-python"
version = "0.23.6"
description = "Python grammar for tree-sitter"
optional = false
python-versions = ">=3.9"
groups = ["main"]
files = [
    {file = "tree_sitter_python-0.23.6-cp39-abi3-macosx_10_9_x86_64.whl", hash = "sha256:28fbec8f74eeb2b30292d97715e60fac9ccf8a8091ce19b9d93e9b580ed280fb"},
    {file = "tree_sitter_python-0.23.6-cp39-abi3-macosx_11_0_arm64.whl", hash = "sha256:680b710051b144fedf61c95197db0094f2245e82551bf7f0c501356333571f7a"},
    {file = "tree_sitter_python-0.23.6-cp39-abi3-manylinux_2_17_aarch64.manylinux2014_aarch64.whl", hash = "sha256:8a9dcef55507b6567207e8ee0a6b053d0688019b47ff7f26edc1764b7f4dc0a4"},
    {file = "tree_sitter_python-0.23.6-cp39-abi3-manylinux_2_5_x86_64.manylinux1_x86_64.manylinux_2_17_x86_64.manylinux2014_x86_64.whl", hash = "sha256:29dacdc0cd2f64e55e61d96c6906533ebb2791972bec988450c46cce60092f5d"},
    {file = "tree_sitter_python-0.23.6-cp39-abi3-musllinux_1_2_x86_64.whl", hash = "sha256:7e048733c36f564b379831689006801feb267d8194f9e793fbb395ef1723335d"},
    {file = "tree_sitter_python-0.23.6-cp39-abi3-win_amd64.whl", hash = "sha256:a24027248399fb41594b696f929f9956828ae7cc85596d9f775e6c239cd0c2be"},
    {file = "tree_sitter_python-0.23.6-cp39-abi3-win_arm64.whl", hash = "sha256:71334371bd73d5fe080aed39fbff49ed8efb9506edebe16795b0c7567ed6a272"},
    {file = "tree_sitter_python-0.23.6.tar.gz", hash = "sha256:354bfa0a2f9217431764a631516f85173e9711af2c13dbd796a8815acfe505d9"},
]

[package.extras]
core = ["tree-sitter (>=0.22,<1.0)"]

[metadata]
lock-version = "2.1"
python-versions = ">=3.12"
content-hash = "76ac2be9ab7f02faf08610f650aed920faf33dcaf569fc4c1e9927df91dab45a"
